
Microsoft Visual Studio Solution File, Format Version 12.00
# Visual Studio Version 17
VisualStudioVersion = 17.10.34928.147
MinimumVisualStudioVersion = 10.0.40219.1
Project("{2150E333-8FDC-42A3-9474-1A3956D46DE8}") = "src", "src", "{7F58D36E-0363-4A5A-8111-35BDE428C919}"
EndProject
Project("{9A19103F-16F7-4668-BE54-9A1E7A4F7556}") = "BooksManagement.Core", "src\BooksManagement.Core\BooksManagement.Core.csproj", "{F01543BB-8D30-40A8-AAE4-11FF5A1236D8}"
EndProject
Project("{9A19103F-16F7-4668-BE54-9A1E7A4F7556}") = "BooksManagement.Api", "src\BooksManagement\BooksManagement.Api.csproj", "{8206C19A-AE80-4647-AAC0-9B25052D6D17}"
EndProject
Project("{9A19103F-16F7-4668-BE54-9A1E7A4F7556}") = "BooksManagement.Application", "src\BooksManagement.Application\BooksManagement.Application.csproj", "{7822B0D3-3044-4067-9A7C-77B767C0B239}"
EndProject
Project("{9A19103F-16F7-4668-BE54-9A1E7A4F7556}") = "BooksManagement.Infrastructure", "src\BooksManagement.Infrastructure\BooksManagement.Infrastructure.csproj", "{59EEB762-E3BE-4334-9D0F-FB4E9D43B125}"
EndProject
Project("{2150E333-8FDC-42A3-9474-1A3956D46DE8}") = "tests", "tests", "{C242B215-A350-4CDA-99DF-9CD11DDD67A9}"
EndProject
Project("{FAE04EC0-301F-11D3-BF4B-00C04F79EFBC}") = "BooksManagement.Tests", "tests\BooksManagement.Tests\BooksManagement.Tests.csproj", "{7007D6D3-F2D2-4038-B1D6-21126F640C59}"
EndProject
Global
	GlobalSection(SolutionConfigurationPlatforms) = preSolution
		Debug|Any CPU = Debug|Any CPU
		Release|Any CPU = Release|Any CPU
	EndGlobalSection
	GlobalSection(ProjectConfigurationPlatforms) = postSolution
		{F01543BB-8D30-40A8-AAE4-11FF5A1236D8}.Debug|Any CPU.ActiveCfg = Debug|Any CPU
		{F01543BB-8D30-40A8-AAE4-11FF5A1236D8}.Debug|Any CPU.Build.0 = Debug|Any CPU
		{F01543BB-8D30-40A8-AAE4-11FF5A1236D8}.Release|Any CPU.ActiveCfg = Release|Any CPU
		{F01543BB-8D30-40A8-AAE4-11FF5A1236D8}.Release|Any CPU.Build.0 = Release|Any CPU
		{8206C19A-AE80-4647-AAC0-9B25052D6D17}.Debug|Any CPU.ActiveCfg = Debug|Any CPU
		{8206C19A-AE80-4647-AAC0-9B25052D6D17}.Debug|Any CPU.Build.0 = Debug|Any CPU
		{8206C19A-AE80-4647-AAC0-9B25052D6D17}.Release|Any CPU.ActiveCfg = Release|Any CPU
		{8206C19A-AE80-4647-AAC0-9B25052D6D17}.Release|Any CPU.Build.0 = Release|Any CPU
		{7822B0D3-3044-4067-9A7C-77B767C0B239}.Debug|Any CPU.ActiveCfg = Debug|Any CPU
		{7822B0D3-3044-4067-9A7C-77B767C0B239}.Debug|Any CPU.Build.0 = Debug|Any CPU
		{7822B0D3-3044-4067-9A7C-77B767C0B239}.Release|Any CPU.ActiveCfg = Release|Any CPU
		{7822B0D3-3044-4067-9A7C-77B767C0B239}.Release|Any CPU.Build.0 = Release|Any CPU
		{59EEB762-E3BE-4334-9D0F-FB4E9D43B125}.Debug|Any CPU.ActiveCfg = Debug|Any CPU
		{59EEB762-E3BE-4334-9D0F-FB4E9D43B125}.Debug|Any CPU.Build.0 = Debug|Any CPU
		{59EEB762-E3BE-4334-9D0F-FB4E9D43B125}.Release|Any CPU.ActiveCfg = Release|Any CPU
		{59EEB762-E3BE-4334-9D0F-FB4E9D43B125}.Release|Any CPU.Build.0 = Release|Any CPU
		{7007D6D3-F2D2-4038-B1D6-21126F640C59}.Debug|Any CPU.ActiveCfg = Debug|Any CPU
		{7007D6D3-F2D2-4038-B1D6-21126F640C59}.Debug|Any CPU.Build.0 = Debug|Any CPU
		{7007D6D3-F2D2-4038-B1D6-21126F640C59}.Release|Any CPU.ActiveCfg = Release|Any CPU
		{7007D6D3-F2D2-4038-B1D6-21126F640C59}.Release|Any CPU.Build.0 = Release|Any CPU
	EndGlobalSection
	GlobalSection(SolutionProperties) = preSolution
		HideSolutionNode = FALSE
	EndGlobalSection
	GlobalSection(NestedProjects) = preSolution
		{F01543BB-8D30-40A8-AAE4-11FF5A1236D8} = {7F58D36E-0363-4A5A-8111-35BDE428C919}
		{8206C19A-AE80-4647-AAC0-9B25052D6D17} = {7F58D36E-0363-4A5A-8111-35BDE428C919}
		{7822B0D3-3044-4067-9A7C-77B767C0B239} = {7F58D36E-0363-4A5A-8111-35BDE428C919}
		{59EEB762-E3BE-4334-9D0F-FB4E9D43B125} = {7F58D36E-0363-4A5A-8111-35BDE428C919}
		{7007D6D3-F2D2-4038-B1D6-21126F640C59} = {C242B215-A350-4CDA-99DF-9CD11DDD67A9}
	EndGlobalSection
	GlobalSection(ExtensibilityGlobals) = postSolution
		SolutionGuid = {F449E366-9DA0-4815-A29B-54B51276F109}
	EndGlobalSection
EndGlobal
